
Microsoft Visual Studio Solution File, Format Version 12.00
# Visual Studio Version 17
VisualStudioVersion = 17.5.33424.131
MinimumVisualStudioVersion = 10.0.40219.1
Project("{9A19103F-16F7-4668-BE54-9A1E7A4F7556}") = "ContactsApp.View", "ContactsApp.View\ContactsApp.View.csproj", "{4D11B29D-B5C7-4C15-A608-ED2DE2789B94}"
EndProject
Project("{9A19103F-16F7-4668-BE54-9A1E7A4F7556}") = "ContactsApp.Model", "ContactsApp.Model\ContactsApp.Model.csproj", "{6BA93EE6-0586-4D1F-83BC-A295E227B827}"
EndProject
Project("{2150E333-8FDC-42A3-9474-1A3956D46DE8}") = "Testing", "Testing", "{00B6649B-8623-46E2-A1B3-6FC02540C880}"
EndProject
Project("{9A19103F-16F7-4668-BE54-9A1E7A4F7556}") = "ContactsApp.Model.UnitTests", "Testing\ContactsApp.Model.UnitTests\ContactsApp.Model.UnitTests.csproj", "{8E3954F3-E266-422E-8EB7-0B820FADA50E}"
EndProject
Global
	GlobalSection(SolutionConfigurationPlatforms) = preSolution
		Debug|Any CPU = Debug|Any CPU
		Release|Any CPU = Release|Any CPU
	EndGlobalSection
	GlobalSection(ProjectConfigurationPlatforms) = postSolution
		{4D11B29D-B5C7-4C15-A608-ED2DE2789B94}.Debug|Any CPU.ActiveCfg = Debug|Any CPU
		{4D11B29D-B5C7-4C15-A608-ED2DE2789B94}.Debug|Any CPU.Build.0 = Debug|Any CPU
		{4D11B29D-B5C7-4C15-A608-ED2DE2789B94}.Release|Any CPU.ActiveCfg = Release|Any CPU
		{4D11B29D-B5C7-4C15-A608-ED2DE2789B94}.Release|Any CPU.Build.0 = Release|Any CPU
		{6BA93EE6-0586-4D1F-83BC-A295E227B827}.Debug|Any CPU.ActiveCfg = Debug|Any CPU
		{6BA93EE6-0586-4D1F-83BC-A295E227B827}.Debug|Any CPU.Build.0 = Debug|Any CPU
		{6BA93EE6-0586-4D1F-83BC-A295E227B827}.Release|Any CPU.ActiveCfg = Release|Any CPU
		{6BA93EE6-0586-4D1F-83BC-A295E227B827}.Release|Any CPU.Build.0 = Release|Any CPU
		{8E3954F3-E266-422E-8EB7-0B820FADA50E}.Debug|Any CPU.ActiveCfg = Debug|Any CPU
		{8E3954F3-E266-422E-8EB7-0B820FADA50E}.Debug|Any CPU.Build.0 = Debug|Any CPU
		{8E3954F3-E266-422E-8EB7-0B820FADA50E}.Release|Any CPU.ActiveCfg = Release|Any CPU
		{8E3954F3-E266-422E-8EB7-0B820FADA50E}.Release|Any CPU.Build.0 = Release|Any CPU
	EndGlobalSection
	GlobalSection(SolutionProperties) = preSolution
		HideSolutionNode = FALSE
	EndGlobalSection
	GlobalSection(NestedProjects) = preSolution
		{8E3954F3-E266-422E-8EB7-0B820FADA50E} = {00B6649B-8623-46E2-A1B3-6FC02540C880}
	EndGlobalSection
	GlobalSection(ExtensibilityGlobals) = postSolution
		SolutionGuid = {632E9A5B-58C8-4887-8859-EFDDBC854D19}
	EndGlobalSection
EndGlobal
